# THIS IS AN AUTOGENERATED FILE. DO NOT EDIT THIS FILE DIRECTLY.
# yarn lockfile v1


"dayjs@^1.8.36":
  "integrity" "sha512-3VmRXEtw7RZKAf+4Tv1Ym9AGeo8r8+CjDi26x+7SYQil1UqtqdaokhzoEJohqlzt0m5kacJSDhJQkG/LWhpRBw=="
  "resolved" "https://registry.npmjs.org/dayjs/-/dayjs-1.8.36.tgz"
  "version" "1.8.36"

"framesync@6.1.2":
  "integrity" "sha512-jBTqhX6KaQVDyus8muwZbBeGGP0XgujBRbQ7gM7BRdS3CadCZIHiawyzYLnafYcvZIh5j8WE7cxZKFn7dXhu9g=="
  "resolved" "https://registry.npmjs.org/framesync/-/framesync-6.1.2.tgz"
  "version" "6.1.2"
  dependencies:
    "tslib" "2.4.0"

"hey-listen@^1.0.8":
  "integrity" "sha512-COpmrF2NOg4TBWUJ5UVyaCU2A88wEMkUPK4hNqyCkqHbxT92BbvfjoSozkAIIm6XhicGlJHhFdullInrdhwU8Q=="
  "resolved" "https://registry.npmjs.org/hey-listen/-/hey-listen-1.0.8.tgz"
  "version" "1.0.8"

"popmotion@^11.0.3":
  "integrity" "sha512-la8gPM1WYeFznb/JqF4GiTkRRPZsfaj2+kCxqQgr2MJylMmIKUwBfWW8Wa5fml/8gmtlD5yI01MP1QCZPWmppA=="
  "resolved" "https://registry.npmjs.org/popmotion/-/popmotion-11.0.5.tgz"
  "version" "11.0.5"
  dependencies:
    "framesync" "6.1.2"
    "hey-listen" "^1.0.8"
    "style-value-types" "5.1.2"
    "tslib" "2.4.0"

"style-value-types@5.1.2":
  "integrity" "sha512-Vs9fNreYF9j6W2VvuDTP7kepALi7sk0xtk2Tu8Yxi9UoajJdEVpNpCov0HsLTqXvNGKX+Uv09pkozVITi1jf3Q=="
  "resolved" "https://registry.npmjs.org/style-value-types/-/style-value-types-5.1.2.tgz"
  "version" "5.1.2"
  dependencies:
    "hey-listen" "^1.0.8"
    "tslib" "2.4.0"

"tslib@2.4.0":
  "integrity" "sha512-d6xOpEDfsi2CZVlPQzGeux8XMwLT9hssAsaPYExaQMuYskwb+x1x7J371tWlbBdWHroy99KnVB6qIkUbs5X3UQ=="
  "resolved" "https://registry.npmjs.org/tslib/-/tslib-2.4.0.tgz"
  "version" "2.4.0"

"uview-ui@^1.8.4":
  "integrity" "sha512-Zr+D5dFdNy6CdHQLBEXeGq/w0LkjxzBtsgaaDwLl0P58g67H7fBBDvy6AzWK/k0c7dwPYMBiK7I4Tr9p92+0DA=="
  "resolved" "https://registry.npmjs.org/uview-ui/-/uview-ui-1.8.4.tgz"
  "version" "1.8.4"
